// !$*UTF8*$!
{
	archiveVersion = 1;
	classes = {
	};
	objectVersion = 48;
	objects = {

/* Begin PBXBuildFile section */
		7012D214213F9633000EE27C /* pupIDIcon in Resources */ = {isa = PBXBuildFile; fileRef = 7012D213213F9633000EE27C /* pupIDIcon */; };
		7067F53E206CC3C0005C98E9 /* AppDelegate.swift in Sources */ = {isa = PBXBuildFile; fileRef = 7067F53D206CC3C0005C98E9 /* AppDelegate.swift */; };
		7067F540206CC3C0005C98E9 /* ViewController.swift in Sources */ = {isa = PBXBuildFile; fileRef = 7067F53F206CC3C0005C98E9 /* ViewController.swift */; };
		7067F543206CC3C0005C98E9 /* Main.storyboard in Resources */ = {isa = PBXBuildFile; fileRef = 7067F541206CC3C0005C98E9 /* Main.storyboard */; };
		7067F545206CC3C0005C98E9 /* Assets.xcassets in Resources */ = {isa = PBXBuildFile; fileRef = 7067F544206CC3C0005C98E9 /* Assets.xcassets */; };
		7067F548206CC3C0005C98E9 /* LaunchScreen.storyboard in Resources */ = {isa = PBXBuildFile; fileRef = 7067F546206CC3C0005C98E9 /* LaunchScreen.storyboard */; };
		7082F8F42137B0E200DAE336 /* PupIDModel.mlmodel in Sources */ = {isa = PBXBuildFile; fileRef = 7082F8F32137B0E200DAE336 /* PupIDModel.mlmodel */; };
/* End PBXBuildFile section */

/* Begin PBXFileReference section */
		7012D213213F9633000EE27C /* pupIDIcon */ = {isa = PBXFileReference; lastKnownFileType = folder; path = pupIDIcon; sourceTree = "<group>"; };
		7067F53A206CC3C0005C98E9 /* ML Camera.app */ = {isa = PBXFileReference; explicitFileType = wrapper.application; includeInIndex = 0; path = "ML Camera.app"; sourceTree = BUILT_PRODUCTS_DIR; };
		7067F53D206CC3C0005C98E9 /* AppDelegate.swift */ = {isa = PBXFileReference; lastKnownFileType = sourcecode.swift; path = AppDelegate.swift; sourceTree = "<group>"; };
		7067F53F206CC3C0005C98E9 /* ViewController.swift */ = {isa = PBXFileReference; lastKnownFileType = sourcecode.swift; path = ViewController.swift; sourceTree = "<group>"; };
		7067F542206CC3C0005C98E9 /* Base */ = {isa = PBXFileReference; lastKnownFileType = file.storyboard; name = Base; path = Base.lproj/Main.storyboard; sourceTree = "<group>"; };
		7067F544206CC3C0005C98E9 /* Assets.xcassets */ = {isa = PBXFileReference; lastKnownFileType = folder.assetcatalog; path = Assets.xcassets; sourceTree = "<group>"; };
		7067F547206CC3C0005C98E9 /* Base */ = {isa = PBXFileReference; lastKnownFileType = file.storyboard; name = Base; path = Base.lproj/LaunchScreen.storyboard; sourceTree = "<group>"; };
		7067F549206CC3C0005C98E9 /* Info.plist */ = {isa = PBXFileReference; lastKnownFileType = text.plist.xml; path = Info.plist; sourceTree = "<group>"; };
		7082F8F32137B0E200DAE336 /* PupIDModel.mlmodel */ = {isa = PBXFileReference; lastKnownFileType = file.mlmodel; path = PupIDModel.mlmodel; sourceTree = "<group>"; };
/* End PBXFileReference section */

/* Begin PBXFrameworksBuildPhase section */
		7067F537206CC3C0005C98E9 /* Frameworks */ = {
			isa = PBXFrameworksBuildPhase;
			buildActionMask = 2147483647;
			files = (
			);
			runOnlyForDeploymentPostprocessing = 0;
		};
/* End PBXFrameworksBuildPhase section */

/* Begin PBXGroup section */
		7067F531206CC3C0005C98E9 = {
			isa = PBXGroup;
			children = (
				7067F53C206CC3C0005C98E9 /* ML Camera */,
				7067F53B206CC3C0005C98E9 /* Products */,
			);
			sourceTree = "<group>";
		};
		7067F53B206CC3C0005C98E9 /* Products */ = {
			isa = PBXGroup;
			children = (
				7067F53A206CC3C0005C98E9 /* ML Camera.app */,
			);
			name = Products;
			sourceTree = "<group>";
		};
		7067F53C206CC3C0005C98E9 /* ML Camera */ = {
			isa = PBXGroup;
			children = (
				7067F53D206CC3C0005C98E9 /* AppDelegate.swift */,
				7082F8F32137B0E200DAE336 /* PupIDModel.mlmodel */,
				7067F53F206CC3C0005C98E9 /* ViewController.swift */,
				7067F541206CC3C0005C98E9 /* Main.storyboard */,
				7012D213213F9633000EE27C /* pupIDIcon */,
				7067F544206CC3C0005C98E9 /* Assets.xcassets */,
				7067F546206CC3C0005C98E9 /* LaunchScreen.storyboard */,
				7067F549206CC3C0005C98E9 /* Info.plist */,
			);
			path = "ML Camera";
			sourceTree = "<group>";
		};
/* End PBXGroup section */

/* Begin PBXNativeTarget section */
		7067F539206CC3C0005C98E9 /* ML Camera */ = {
			isa = PBXNativeTarget;
			buildConfigurationList = 7067F54C206CC3C0005C98E9 /* Build configuration list for PBXNativeTarget "ML Camera" */;
			buildPhases = (
				7067F536206CC3C0005C98E9 /* Sources */,
				7067F537206CC3C0005C98E9 /* Frameworks */,
				7067F538206CC3C0005C98E9 /* Resources */,
			);
			buildRules = (
			);
			dependencies = (
			);
			name = "ML Camera";
			productName = "ML Camera";
			productReference = 7067F53A206CC3C0005C98E9 /* ML Camera.app */;
			productType = "com.apple.product-type.application";
		};
/* End PBXNativeTarget section */

/* Begin PBXProject section */
		7067F532206CC3C0005C98E9 /* Project object */ = {
			isa = PBXProject;
			attributes = {
				LastSwiftUpdateCheck = 0920;
				LastUpgradeCheck = 0940;
				ORGANIZATIONNAME = "Bernardo Bustamante";
				TargetAttributes = {
					7067F539206CC3C0005C98E9 = {
						CreatedOnToolsVersion = 9.2;
						ProvisioningStyle = Automatic;
					};
				};
			};
			buildConfigurationList = 7067F535206CC3C0005C98E9 /* Build configuration list for PBXProject "ML Camera" */;
			compatibilityVersion = "Xcode 8.0";
			developmentRegion = en;
			hasScannedForEncodings = 0;
			knownRegions = (
				en,
				Base,
			);
			mainGroup = 7067F531206CC3C0005C98E9;
			productRefGroup = 7067F53B206CC3C0005C98E9 /* Products */;
			projectDirPath = "";
			projectRoot = "";
			targets = (
				7067F539206CC3C0005C98E9 /* ML Camera */,
			);
		};
/* End PBXProject section */

/* Begin PBXResourcesBuildPhase section */
		7067F538206CC3C0005C98E9 /* Resources */ = {
			isa = PBXResourcesBuildPhase;
			buildActionMask = 2147483647;
			files = (
				7012D214213F9633000EE27C /* pupIDIcon in Resources */,
				7067F548206CC3C0005C98E9 /* LaunchScreen.storyboard in Resources */,
				7067F545206CC3C0005C98E9 /* Assets.xcassets in Resources */,
				7067F543206CC3C0005C98E9 /* Main.storyboard in Resources */,
			);
			runOnlyForDeploymentPostprocessing = 0;
		};
/* End PBXResourcesBuildPhase section */

/* Begin PBXSourcesBuildPhase section */
		7067F536206CC3C0005C98E9 /* Sources */ = {
			isa = PBXSourcesBuildPhase;
			buildActionMask = 2147483647;
			files = (
				7067F540206CC3C0005C98E9 /* ViewController.swift in Sources */,
				7082F8F42137B0E200DAE336 /* PupIDModel.mlmodel in Sources */,
				7067F53E206CC3C0005C98E9 /* AppDelegate.swift in Sources */,
			);
			runOnlyForDeploymentPostprocessing = 0;
		};
/* End PBXSourcesBuildPhase section */

/* Begin PBXVariantGroup section */
		7067F541206CC3C0005C98E9 /* Main.storyboard */ = {
			isa = PBXVariantGroup;
			children = (
				7067F542206CC3C0005C98E9 /* Base */,
			);
			name = Main.storyboard;
			sourceTree = "<group>";
		};
		7067F546206CC3C0005C98E9 /* LaunchScreen.storyboard */ = {
			isa = PBXVariantGroup;
			children = (
				7067F547206CC3C0005C98E9 /* Base */,
			);
			name = LaunchScreen.storyboard;
			sourceTree = "<group>";
		};
/* End PBXVariantGroup section */

/* Begin XCBuildConfiguration section */
		7067F54A206CC3C0005C98E9 /* Debug */ = {
			isa = XCBuildConfiguration;
			buildSettings = {
				ALWAYS_SEARCH_USER_PATHS = NO;
				CLANG_ANALYZER_NONNULL = YES;
				CLANG_ANALYZER_NUMBER_OBJECT_CONVERSION = YES_AGGRESSIVE;
				CLANG_CXX_LANGUAGE_STANDARD = "gnu++14";
				CLANG_CXX_LIBRARY = "libc++";
				CLANG_ENABLE_MODULES = YES;
				CLANG_ENABLE_OBJC_ARC = YES;
				CLANG_WARN_BLOCK_CAPTURE_AUTORELEASING = YES;
				CLANG_WARN_BOOL_CONVERSION = YES;
				CLANG_WARN_COMMA = YES;
				CLANG_WARN_CONSTANT_CONVERSION = YES;
				CLANG_WARN_DEPRECATED_OBJC_IMPLEMENTATIONS = YES;
				CLANG_WARN_DIRECT_OBJC_ISA_USAGE = YES_ERROR;
				CLANG_WARN_DOCUMENTATION_COMMENTS = YES;
				CLANG_WARN_EMPTY_BODY = YES;
				CLANG_WARN_ENUM_CONVERSION = YES;
				CLANG_WARN_INFINITE_RECURSION = YES;
				CLANG_WARN_INT_CONVERSION = YES;
				CLANG_WARN_NON_LITERAL_NULL_CONVERSION = YES;
				CLANG_WARN_OBJC_IMPLICIT_RETAIN_SELF = YES;
				CLANG_WARN_OBJC_LITERAL_CONVERSION = YES;
				CLANG_WARN_OBJC_ROOT_CLASS = YES_ERROR;
				CLANG_WARN_RANGE_LOOP_ANALYSIS = YES;
				CLANG_WARN_STRICT_PROTOTYPES = YES;
				CLANG_WARN_SUSPICIOUS_MOVE = YES;
				CLANG_WARN_UNGUARDED_AVAILABILITY = YES_AGGRESSIVE;
				CLANG_WARN_UNREACHABLE_CODE = YES;
				CLANG_WARN__DUPLICATE_METHOD_MATCH = YES;
				CODE_SIGN_IDENTITY = "iPhone Developer";
				COPY_PHASE_STRIP = NO;
				DEBUG_INFORMATION_FORMAT = dwarf;
				ENABLE_STRICT_OBJC_MSGSEND = YES;
				ENABLE_TESTABILITY = YES;
				GCC_C_LANGUAGE_STANDARD = gnu11;
				GCC_DYNAMIC_NO_PIC = NO;
				GCC_NO_COMMON_BLOCKS = YES;
				GCC_OPTIMIZATION_LEVEL = 0;
				GCC_PREPROCESSOR_DEFINITIONS = (
					"DEBUG=1",
					"$(inherited)",
				);
				GCC_WARN_64_TO_32_BIT_CONVERSION = YES;
				GCC_WARN_ABOUT_RETURN_TYPE = YES_ERROR;
				GCC_WARN_UNDECLARED_SELECTOR = YES;
				GCC_WARN_UNINITIALIZED_AUTOS = YES_AGGRESSIVE;
				GCC_WARN_UNUSED_FUNCTION = YES;
				GCC_WARN_UNUSED_VARIABLE = YES;
				IPHONEOS_DEPLOYMENT_TARGET = 11.2;
				MTL_ENABLE_DEBUG_INFO = YES;
				ONLY_ACTIVE_ARCH = YES;
				SDKROOT = iphoneos;
				SWIFT_ACTIVE_COMPILATION_CONDITIONS = DEBUG;
				SWIFT_OPTIMIZATION_LEVEL = "-Onone";
			};
			name = Debug;
		};
		7067F54B206CC3C0005C98E9 /* Release */ = {
			isa = XCBuildConfiguration;
			buildSettings = {
				ALWAYS_SEARCH_USER_PATHS = NO;
				CLANG_ANALYZER_NONNULL = YES;
				CLANG_ANALYZER_NUMBER_OBJECT_CONVERSION = YES_AGGRESSIVE;
				CLANG_CXX_LANGUAGE_STANDARD = "gnu++14";
				CLANG_CXX_LIBRARY = "libc++";
				CLANG_ENABLE_MODULES = YES;
				CLANG_ENABLE_OBJC_ARC = YES;
				CLANG_WARN_BLOCK_CAPTURE_AUTORELEASING = YES;
				CLANG_WARN_BOOL_CONVERSION = YES;
				CLANG_WARN_COMMA = YES;
				CLANG_WARN_CONSTANT_CONVERSION = YES;
				CLANG_WARN_DEPRECATED_OBJC_IMPLEMENTATIONS = YES;
				CLANG_WARN_DIRECT_OBJC_ISA_USAGE = YES_ERROR;
				CLANG_WARN_DOCUMENTATION_COMMENTS = YES;
				CLANG_WARN_EMPTY_BODY = YES;
				CLANG_WARN_ENUM_CONVERSION = YES;
				CLANG_WARN_INFINITE_RECURSION = YES;
				CLANG_WARN_INT_CONVERSION = YES;
				CLANG_WARN_NON_LITERAL_NULL_CONVERSION = YES;
				CLANG_WARN_OBJC_IMPLICIT_RETAIN_SELF = YES;
				CLANG_WARN_OBJC_LITERAL_CONVERSION = YES;
				CLANG_WARN_OBJC_ROOT_CLASS = YES_ERROR;
				CLANG_WARN_RANGE_LOOP_ANALYSIS = YES;
				CLANG_WARN_STRICT_PROTOTYPES = YES;
				CLANG_WARN_SUSPICIOUS_MOVE = YES;
				CLANG_WARN_UNGUARDED_AVAILABILITY = YES_AGGRESSIVE;
				CLANG_WARN_UNREACHABLE_CODE = YES;
				CLANG_WARN__DUPLICATE_METHOD_MATCH = YES;
				CODE_SIGN_IDENTITY = "iPhone Developer";
				COPY_PHASE_STRIP = NO;
				DEBUG_INFORMATION_FORMAT = "dwarf-with-dsym";
				ENABLE_NS_ASSERTIONS = NO;
				ENABLE_STRICT_OBJC_MSGSEND = YES;
				GCC_C_LANGUAGE_STANDARD = gnu11;
				GCC_NO_COMMON_BLOCKS = YES;
				GCC_WARN_64_TO_32_BIT_CONVERSION = YES;
				GCC_WARN_ABOUT_RETURN_TYPE = YES_ERROR;
				GCC_WARN_UNDECLARED_SELECTOR = YES;
				GCC_WARN_UNINITIALIZED_AUTOS = YES_AGGRESSIVE;
				GCC_WARN_UNUSED_FUNCTION = YES;
				GCC_WARN_UNUSED_VARIABLE = YES;
				IPHONEOS_DEPLOYMENT_TARGET = 11.2;
				MTL_ENABLE_DEBUG_INFO = NO;
				SDKROOT = iphoneos;
				SWIFT_OPTIMIZATION_LEVEL = "-Owholemodule";
				VALIDATE_PRODUCT = YES;
			};
			name = Release;
		};
		7067F54D206CC3C0005C98E9 /* Debug */ = {
			isa = XCBuildConfiguration;
			buildSettings = {
				ASSETCATALOG_COMPILER_APPICON_NAME = AppIcon;
				CODE_SIGN_STYLE = Automatic;
				DEVELOPMENT_TEAM = 93U924K22Z;
				INFOPLIST_FILE = "ML Camera/Info.plist";
				IPHONEOS_DEPLOYMENT_TARGET = 11.2;
				LD_RUNPATH_SEARCH_PATHS = "$(inherited) @executable_path/Frameworks";
				PRODUCT_BUNDLE_IDENTIFIER = "com.Bernardo.ML-Camera";
				PRODUCT_NAME = "$(TARGET_NAME)";
				SWIFT_VERSION = 4.0;
				TARGETED_DEVICE_FAMILY = 1;
			};
			name = Debug;
		};
		7067F54E206CC3C0005C98E9 /* Release */ = {
			isa = XCBuildConfiguration;
			buildSettings = {
				ASSETCATALOG_COMPILER_APPICON_NAME = AppIcon;
				CODE_SIGN_STYLE = Automatic;
				DEVELOPMENT_TEAM = 93U924K22Z;
				INFOPLIST_FILE = "ML Camera/Info.plist";
				IPHONEOS_DEPLOYMENT_TARGET = 11.2;
				LD_RUNPATH_SEARCH_PATHS = "$(inherited) @executable_path/Frameworks";
				PRODUCT_BUNDLE_IDENTIFIER = "com.Bernardo.ML-Camera";
				PRODUCT_NAME = "$(TARGET_NAME)";
				SWIFT_VERSION = 4.0;
				TARGETED_DEVICE_FAMILY = 1;
			};
			name = Release;
		};
/* End XCBuildConfiguration section */

/* Begin XCConfigurationList section */
		7067F535206CC3C0005C98E9 /* Build configuration list for PBXProject "ML Camera" */ = {
			isa = XCConfigurationList;
			buildConfigurations = (
				7067F54A206CC3C0005C98E9 /* Debug */,
				7067F54B206CC3C0005C98E9 /* Release */,
			);
			defaultConfigurationIsVisible = 0;
			defaultConfigurationName = Release;
		};
		7067F54C206CC3C0005C98E9 /* Build configuration list for PBXNativeTarget "ML Camera" */ = {
			isa = XCConfigurationList;
			buildConfigurations = (
				7067F54D206CC3C0005C98E9 /* Debug */,
				7067F54E206CC3C0005C98E9 /* Release */,
			);
			defaultConfigurationIsVisible = 0;
			defaultConfigurationName = Release;
		};
/* End XCConfigurationList section */
	};
	rootObject = 7067F532206CC3C0005C98E9 /* Project object */;
}
